
Microsoft Visual Studio Solution File, Format Version 12.00
# Visual Studio Version 17
VisualStudioVersion = 17.13.35825.156
MinimumVisualStudioVersion = 10.0.40219.1
Project("{FAE04EC0-301F-11D3-BF4B-00C04F79EFBC}") = "LibraryAPI", "LibraryAPI\LibraryAPI.csproj", "{FEFF1975-A978-4DA9-8D63-E6747D88758D}"
EndProject
Project("{FAE04EC0-301F-11D3-BF4B-00C04F79EFBC}") = "LibraryAPITests", "LibraryAPITests\LibraryAPITests.csproj", "{89C4651D-4646-46CE-AED2-CA7C821F3B6E}"
EndProject
Global
	GlobalSection(SolutionConfigurationPlatforms) = preSolution
		Debug|Any CPU = Debug|Any CPU
		Debug|x64 = Debug|x64
		Debug|x86 = Debug|x86
		Release|Any CPU = Release|Any CPU
		Release|x64 = Release|x64
		Release|x86 = Release|x86
	EndGlobalSection
	GlobalSection(ProjectConfigurationPlatforms) = postSolution
		{FEFF1975-A978-4DA9-8D63-E6747D88758D}.Debug|Any CPU.ActiveCfg = Debug|Any CPU
		{FEFF1975-A978-4DA9-8D63-E6747D88758D}.Debug|Any CPU.Build.0 = Debug|Any CPU
		{FEFF1975-A978-4DA9-8D63-E6747D88758D}.Debug|x64.ActiveCfg = Debug|Any CPU
		{FEFF1975-A978-4DA9-8D63-E6747D88758D}.Debug|x64.Build.0 = Debug|Any CPU
		{FEFF1975-A978-4DA9-8D63-E6747D88758D}.Debug|x86.ActiveCfg = Debug|Any CPU
		{FEFF1975-A978-4DA9-8D63-E6747D88758D}.Debug|x86.Build.0 = Debug|Any CPU
		{FEFF1975-A978-4DA9-8D63-E6747D88758D}.Release|Any CPU.ActiveCfg = Release|Any CPU
		{FEFF1975-A978-4DA9-8D63-E6747D88758D}.Release|Any CPU.Build.0 = Release|Any CPU
		{FEFF1975-A978-4DA9-8D63-E6747D88758D}.Release|x64.ActiveCfg = Release|Any CPU
		{FEFF1975-A978-4DA9-8D63-E6747D88758D}.Release|x64.Build.0 = Release|Any CPU
		{FEFF1975-A978-4DA9-8D63-E6747D88758D}.Release|x86.ActiveCfg = Release|Any CPU
		{FEFF1975-A978-4DA9-8D63-E6747D88758D}.Release|x86.Build.0 = Release|Any CPU
		{89C4651D-4646-46CE-AED2-CA7C821F3B6E}.Debug|Any CPU.ActiveCfg = Debug|Any CPU
		{89C4651D-4646-46CE-AED2-CA7C821F3B6E}.Debug|Any CPU.Build.0 = Debug|Any CPU
		{89C4651D-4646-46CE-AED2-CA7C821F3B6E}.Debug|x64.ActiveCfg = Debug|Any CPU
		{89C4651D-4646-46CE-AED2-CA7C821F3B6E}.Debug|x64.Build.0 = Debug|Any CPU
		{89C4651D-4646-46CE-AED2-CA7C821F3B6E}.Debug|x86.ActiveCfg = Debug|Any CPU
		{89C4651D-4646-46CE-AED2-CA7C821F3B6E}.Debug|x86.Build.0 = Debug|Any CPU
		{89C4651D-4646-46CE-AED2-CA7C821F3B6E}.Release|Any CPU.ActiveCfg = Release|Any CPU
		{89C4651D-4646-46CE-AED2-CA7C821F3B6E}.Release|Any CPU.Build.0 = Release|Any CPU
		{89C4651D-4646-46CE-AED2-CA7C821F3B6E}.Release|x64.ActiveCfg = Release|Any CPU
		{89C4651D-4646-46CE-AED2-CA7C821F3B6E}.Release|x64.Build.0 = Release|Any CPU
		{89C4651D-4646-46CE-AED2-CA7C821F3B6E}.Release|x86.ActiveCfg = Release|Any CPU
		{89C4651D-4646-46CE-AED2-CA7C821F3B6E}.Release|x86.Build.0 = Release|Any CPU
	EndGlobalSection
	GlobalSection(SolutionProperties) = preSolution
		HideSolutionNode = FALSE
	EndGlobalSection
	GlobalSection(ExtensibilityGlobals) = postSolution
		SolutionGuid = {682F4FC3-5CC5-49AD-8AC4-95E351D07182}
	EndGlobalSection
EndGlobal
